// !$*UTF8*$!
{
	archiveVersion = 1;
	classes = {
	};
	objectVersion = 48;
	objects = {

/* Begin PBXBuildFile section */
		8488FE7020114562007C4987 /* AppDelegate.swift in Sources */ = {isa = PBXBuildFile; fileRef = 8488FE6F20114562007C4987 /* AppDelegate.swift */; };
		8488FE7520114562007C4987 /* Main.storyboard in Resources */ = {isa = PBXBuildFile; fileRef = 8488FE7320114562007C4987 /* Main.storyboard */; };
		8488FE7720114562007C4987 /* Assets.xcassets in Resources */ = {isa = PBXBuildFile; fileRef = 8488FE7620114562007C4987 /* Assets.xcassets */; };
		8488FE7A20114562007C4987 /* LaunchScreen.storyboard in Resources */ = {isa = PBXBuildFile; fileRef = 8488FE7820114562007C4987 /* LaunchScreen.storyboard */; };
		8488FE8520114563007C4987 /* RecipesListTests.swift in Sources */ = {isa = PBXBuildFile; fileRef = 8488FE8420114563007C4987 /* RecipesListTests.swift */; };
		8488FE90201145CC007C4987 /* RecipesTableViewController.swift in Sources */ = {isa = PBXBuildFile; fileRef = 8488FE8F201145CC007C4987 /* RecipesTableViewController.swift */; };
		8488FE92201145D8007C4987 /* Recipe.swift in Sources */ = {isa = PBXBuildFile; fileRef = 8488FE91201145D8007C4987 /* Recipe.swift */; };
		8488FE9520114606007C4987 /* RecipeService.swift in Sources */ = {isa = PBXBuildFile; fileRef = 8488FE9420114606007C4987 /* RecipeService.swift */; };
		8488FE9920114718007C4987 /* RecipeViewData.swift in Sources */ = {isa = PBXBuildFile; fileRef = 8488FE9820114718007C4987 /* RecipeViewData.swift */; };
		8488FE9C20114766007C4987 /* RecipesPresenter.swift in Sources */ = {isa = PBXBuildFile; fileRef = 8488FE9B20114766007C4987 /* RecipesPresenter.swift */; };
		8488FE9F20114832007C4987 /* RecipeViewLogic.swift in Sources */ = {isa = PBXBuildFile; fileRef = 8488FE9E20114832007C4987 /* RecipeViewLogic.swift */; };
		8488FEA220114E5F007C4987 /* RecipeServiceMock.swift in Sources */ = {isa = PBXBuildFile; fileRef = 8488FEA120114E5F007C4987 /* RecipeServiceMock.swift */; };
		8488FEA42011503E007C4987 /* RecipeViewLogicMock.swift in Sources */ = {isa = PBXBuildFile; fileRef = 8488FEA32011503E007C4987 /* RecipeViewLogicMock.swift */; };
/* End PBXBuildFile section */

/* Begin PBXContainerItemProxy section */
		8488FE8120114563007C4987 /* PBXContainerItemProxy */ = {
			isa = PBXContainerItemProxy;
			containerPortal = 8488FE6420114562007C4987 /* Project object */;
			proxyType = 1;
			remoteGlobalIDString = 8488FE6B20114562007C4987;
			remoteInfo = RecipesList;
		};
/* End PBXContainerItemProxy section */

/* Begin PBXFileReference section */
		8488FE6C20114562007C4987 /* RecipesList.app */ = {isa = PBXFileReference; explicitFileType = wrapper.application; includeInIndex = 0; path = RecipesList.app; sourceTree = BUILT_PRODUCTS_DIR; };
		8488FE6F20114562007C4987 /* AppDelegate.swift */ = {isa = PBXFileReference; lastKnownFileType = sourcecode.swift; path = AppDelegate.swift; sourceTree = "<group>"; };
		8488FE7420114562007C4987 /* Base */ = {isa = PBXFileReference; lastKnownFileType = file.storyboard; name = Base; path = Base.lproj/Main.storyboard; sourceTree = "<group>"; };
		8488FE7620114562007C4987 /* Assets.xcassets */ = {isa = PBXFileReference; lastKnownFileType = folder.assetcatalog; path = Assets.xcassets; sourceTree = "<group>"; };
		8488FE7920114562007C4987 /* Base */ = {isa = PBXFileReference; lastKnownFileType = file.storyboard; name = Base; path = Base.lproj/LaunchScreen.storyboard; sourceTree = "<group>"; };
		8488FE7B20114562007C4987 /* Info.plist */ = {isa = PBXFileReference; lastKnownFileType = text.plist.xml; path = Info.plist; sourceTree = "<group>"; };
		8488FE8020114563007C4987 /* RecipesListTests.xctest */ = {isa = PBXFileReference; explicitFileType = wrapper.cfbundle; includeInIndex = 0; path = RecipesListTests.xctest; sourceTree = BUILT_PRODUCTS_DIR; };
		8488FE8420114563007C4987 /* RecipesListTests.swift */ = {isa = PBXFileReference; lastKnownFileType = sourcecode.swift; path = RecipesListTests.swift; sourceTree = "<group>"; };
		8488FE8620114563007C4987 /* Info.plist */ = {isa = PBXFileReference; lastKnownFileType = text.plist.xml; path = Info.plist; sourceTree = "<group>"; };
		8488FE8F201145CC007C4987 /* RecipesTableViewController.swift */ = {isa = PBXFileReference; lastKnownFileType = sourcecode.swift; path = RecipesTableViewController.swift; sourceTree = "<group>"; };
		8488FE91201145D8007C4987 /* Recipe.swift */ = {isa = PBXFileReference; lastKnownFileType = sourcecode.swift; path = Recipe.swift; sourceTree = "<group>"; };
		8488FE9420114606007C4987 /* RecipeService.swift */ = {isa = PBXFileReference; lastKnownFileType = sourcecode.swift; path = RecipeService.swift; sourceTree = "<group>"; };
		8488FE9820114718007C4987 /* RecipeViewData.swift */ = {isa = PBXFileReference; lastKnownFileType = sourcecode.swift; path = RecipeViewData.swift; sourceTree = "<group>"; };
		8488FE9B20114766007C4987 /* RecipesPresenter.swift */ = {isa = PBXFileReference; lastKnownFileType = sourcecode.swift; path = RecipesPresenter.swift; sourceTree = "<group>"; };
		8488FE9E20114832007C4987 /* RecipeViewLogic.swift */ = {isa = PBXFileReference; lastKnownFileType = sourcecode.swift; path = RecipeViewLogic.swift; sourceTree = "<group>"; };
		8488FEA120114E5F007C4987 /* RecipeServiceMock.swift */ = {isa = PBXFileReference; lastKnownFileType = sourcecode.swift; path = RecipeServiceMock.swift; sourceTree = "<group>"; };
		8488FEA32011503E007C4987 /* RecipeViewLogicMock.swift */ = {isa = PBXFileReference; lastKnownFileType = sourcecode.swift; path = RecipeViewLogicMock.swift; sourceTree = "<group>"; };
/* End PBXFileReference section */

/* Begin PBXFrameworksBuildPhase section */
		8488FE6920114562007C4987 /* Frameworks */ = {
			isa = PBXFrameworksBuildPhase;
			buildActionMask = 2147483647;
			files = (
			);
			runOnlyForDeploymentPostprocessing = 0;
		};
		8488FE7D20114563007C4987 /* Frameworks */ = {
			isa = PBXFrameworksBuildPhase;
			buildActionMask = 2147483647;
			files = (
			);
			runOnlyForDeploymentPostprocessing = 0;
		};
/* End PBXFrameworksBuildPhase section */

/* Begin PBXGroup section */
		8488FE6320114562007C4987 = {
			isa = PBXGroup;
			children = (
				8488FE6E20114562007C4987 /* RecipesList */,
				8488FE8320114563007C4987 /* RecipesListTests */,
				8488FE6D20114562007C4987 /* Products */,
			);
			sourceTree = "<group>";
		};
		8488FE6D20114562007C4987 /* Products */ = {
			isa = PBXGroup;
			children = (
				8488FE6C20114562007C4987 /* RecipesList.app */,
				8488FE8020114563007C4987 /* RecipesListTests.xctest */,
			);
			name = Products;
			sourceTree = "<group>";
		};
		8488FE6E20114562007C4987 /* RecipesList */ = {
			isa = PBXGroup;
			children = (
				8488FE6F20114562007C4987 /* AppDelegate.swift */,
				8488FE97201146B7007C4987 /* ViewController */,
				8488FE96201146AA007C4987 /* Service */,
				8488FE93201145F4007C4987 /* Model */,
				8488FE7320114562007C4987 /* Main.storyboard */,
				8488FE7620114562007C4987 /* Assets.xcassets */,
				8488FE7820114562007C4987 /* LaunchScreen.storyboard */,
				8488FE7B20114562007C4987 /* Info.plist */,
			);
			path = RecipesList;
			sourceTree = "<group>";
		};
		8488FE8320114563007C4987 /* RecipesListTests */ = {
			isa = PBXGroup;
			children = (
				8488FE8420114563007C4987 /* RecipesListTests.swift */,
				8488FEA020114E4F007C4987 /* Mock */,
				8488FE8620114563007C4987 /* Info.plist */,
			);
			path = RecipesListTests;
			sourceTree = "<group>";
		};
		8488FE93201145F4007C4987 /* Model */ = {
			isa = PBXGroup;
			children = (
				8488FE91201145D8007C4987 /* Recipe.swift */,
				8488FE9820114718007C4987 /* RecipeViewData.swift */,
			);
			path = Model;
			sourceTree = "<group>";
		};
		8488FE96201146AA007C4987 /* Service */ = {
			isa = PBXGroup;
			children = (
				8488FE9420114606007C4987 /* RecipeService.swift */,
			);
			path = Service;
			sourceTree = "<group>";
		};
		8488FE97201146B7007C4987 /* ViewController */ = {
			isa = PBXGroup;
			children = (
				8488FE8F201145CC007C4987 /* RecipesTableViewController.swift */,
				8488FE9D20114804007C4987 /* Protocol */,
				8488FE9A20114749007C4987 /* Presenter */,
			);
			path = ViewController;
			sourceTree = "<group>";
		};
		8488FE9A20114749007C4987 /* Presenter */ = {
			isa = PBXGroup;
			children = (
				8488FE9B20114766007C4987 /* RecipesPresenter.swift */,
			);
			path = Presenter;
			sourceTree = "<group>";
		};
		8488FE9D20114804007C4987 /* Protocol */ = {
			isa = PBXGroup;
			children = (
				8488FE9E20114832007C4987 /* RecipeViewLogic.swift */,
			);
			path = Protocol;
			sourceTree = "<group>";
		};
		8488FEA020114E4F007C4987 /* Mock */ = {
			isa = PBXGroup;
			children = (
				8488FEA120114E5F007C4987 /* RecipeServiceMock.swift */,
				8488FEA32011503E007C4987 /* RecipeViewLogicMock.swift */,
			);
			path = Mock;
			sourceTree = "<group>";
		};
/* End PBXGroup section */

/* Begin PBXNativeTarget section */
		8488FE6B20114562007C4987 /* RecipesList */ = {
			isa = PBXNativeTarget;
			buildConfigurationList = 8488FE8920114563007C4987 /* Build configuration list for PBXNativeTarget "RecipesList" */;
			buildPhases = (
				8488FE6820114562007C4987 /* Sources */,
				8488FE6920114562007C4987 /* Frameworks */,
				8488FE6A20114562007C4987 /* Resources */,
			);
			buildRules = (
			);
			dependencies = (
			);
			name = RecipesList;
			productName = RecipesList;
			productReference = 8488FE6C20114562007C4987 /* RecipesList.app */;
			productType = "com.apple.product-type.application";
		};
		8488FE7F20114563007C4987 /* RecipesListTests */ = {
			isa = PBXNativeTarget;
			buildConfigurationList = 8488FE8C20114563007C4987 /* Build configuration list for PBXNativeTarget "RecipesListTests" */;
			buildPhases = (
				8488FE7C20114563007C4987 /* Sources */,
				8488FE7D20114563007C4987 /* Frameworks */,
				8488FE7E20114563007C4987 /* Resources */,
			);
			buildRules = (
			);
			dependencies = (
				8488FE8220114563007C4987 /* PBXTargetDependency */,
			);
			name = RecipesListTests;
			productName = RecipesListTests;
			productReference = 8488FE8020114563007C4987 /* RecipesListTests.xctest */;
			productType = "com.apple.product-type.bundle.unit-test";
		};
/* End PBXNativeTarget section */

/* Begin PBXProject section */
		8488FE6420114562007C4987 /* Project object */ = {
			isa = PBXProject;
			attributes = {
				LastSwiftUpdateCheck = 0920;
				LastUpgradeCheck = 0920;
				ORGANIZATIONNAME = RalucaS;
				TargetAttributes = {
					8488FE6B20114562007C4987 = {
						CreatedOnToolsVersion = 9.2;
						ProvisioningStyle = Automatic;
					};
					8488FE7F20114563007C4987 = {
						CreatedOnToolsVersion = 9.2;
						ProvisioningStyle = Automatic;
						TestTargetID = 8488FE6B20114562007C4987;
					};
				};
			};
			buildConfigurationList = 8488FE6720114562007C4987 /* Build configuration list for PBXProject "RecipesList" */;
			compatibilityVersion = "Xcode 8.0";
			developmentRegion = en;
			hasScannedForEncodings = 0;
			knownRegions = (
				en,
				Base,
			);
			mainGroup = 8488FE6320114562007C4987;
			productRefGroup = 8488FE6D20114562007C4987 /* Products */;
			projectDirPath = "";
			projectRoot = "";
			targets = (
				8488FE6B20114562007C4987 /* RecipesList */,
				8488FE7F20114563007C4987 /* RecipesListTests */,
			);
		};
/* End PBXProject section */

/* Begin PBXResourcesBuildPhase section */
		8488FE6A20114562007C4987 /* Resources */ = {
			isa = PBXResourcesBuildPhase;
			buildActionMask = 2147483647;
			files = (
				8488FE7A20114562007C4987 /* LaunchScreen.storyboard in Resources */,
				8488FE7720114562007C4987 /* Assets.xcassets in Resources */,
				8488FE7520114562007C4987 /* Main.storyboard in Resources */,
			);
			runOnlyForDeploymentPostprocessing = 0;
		};
		8488FE7E20114563007C4987 /* Resources */ = {
			isa = PBXResourcesBuildPhase;
			buildActionMask = 2147483647;
			files = (
			);
			runOnlyForDeploymentPostprocessing = 0;
		};
/* End PBXResourcesBuildPhase section */

/* Begin PBXSourcesBuildPhase section */
		8488FE6820114562007C4987 /* Sources */ = {
			isa = PBXSourcesBuildPhase;
			buildActionMask = 2147483647;
			files = (
				8488FE9F20114832007C4987 /* RecipeViewLogic.swift in Sources */,
				8488FE9C20114766007C4987 /* RecipesPresenter.swift in Sources */,
				8488FE9920114718007C4987 /* RecipeViewData.swift in Sources */,
				8488FE92201145D8007C4987 /* Recipe.swift in Sources */,
				8488FE90201145CC007C4987 /* RecipesTableViewController.swift in Sources */,
				8488FE7020114562007C4987 /* AppDelegate.swift in Sources */,
				8488FE9520114606007C4987 /* RecipeService.swift in Sources */,
			);
			runOnlyForDeploymentPostprocessing = 0;
		};
		8488FE7C20114563007C4987 /* Sources */ = {
			isa = PBXSourcesBuildPhase;
			buildActionMask = 2147483647;
			files = (
				8488FE8520114563007C4987 /* RecipesListTests.swift in Sources */,
				8488FEA220114E5F007C4987 /* RecipeServiceMock.swift in Sources */,
				8488FEA42011503E007C4987 /* RecipeViewLogicMock.swift in Sources */,
			);
			runOnlyForDeploymentPostprocessing = 0;
		};
/* End PBXSourcesBuildPhase section */

/* Begin PBXTargetDependency section */
		8488FE8220114563007C4987 /* PBXTargetDependency */ = {
			isa = PBXTargetDependency;
			target = 8488FE6B20114562007C4987 /* RecipesList */;
			targetProxy = 8488FE8120114563007C4987 /* PBXContainerItemProxy */;
		};
/* End PBXTargetDependency section */

/* Begin PBXVariantGroup section */
		8488FE7320114562007C4987 /* Main.storyboard */ = {
			isa = PBXVariantGroup;
			children = (
				8488FE7420114562007C4987 /* Base */,
			);
			name = Main.storyboard;
			sourceTree = "<group>";
		};
		8488FE7820114562007C4987 /* LaunchScreen.storyboard */ = {
			isa = PBXVariantGroup;
			children = (
				8488FE7920114562007C4987 /* Base */,
			);
			name = LaunchScreen.storyboard;
			sourceTree = "<group>";
		};
/* End PBXVariantGroup section */

/* Begin XCBuildConfiguration section */
		8488FE8720114563007C4987 /* Debug */ = {
			isa = XCBuildConfiguration;
			buildSettings = {
				ALWAYS_SEARCH_USER_PATHS = NO;
				CLANG_ANALYZER_NONNULL = YES;
				CLANG_ANALYZER_NUMBER_OBJECT_CONVERSION = YES_AGGRESSIVE;
				CLANG_CXX_LANGUAGE_STANDARD = "gnu++14";
				CLANG_CXX_LIBRARY = "libc++";
				CLANG_ENABLE_MODULES = YES;
				CLANG_ENABLE_OBJC_ARC = YES;
				CLANG_WARN_BLOCK_CAPTURE_AUTORELEASING = YES;
				CLANG_WARN_BOOL_CONVERSION = YES;
				CLANG_WARN_COMMA = YES;
				CLANG_WARN_CONSTANT_CONVERSION = YES;
				CLANG_WARN_DIRECT_OBJC_ISA_USAGE = YES_ERROR;
				CLANG_WARN_DOCUMENTATION_COMMENTS = YES;
				CLANG_WARN_EMPTY_BODY = YES;
				CLANG_WARN_ENUM_CONVERSION = YES;
				CLANG_WARN_INFINITE_RECURSION = YES;
				CLANG_WARN_INT_CONVERSION = YES;
				CLANG_WARN_NON_LITERAL_NULL_CONVERSION = YES;
				CLANG_WARN_OBJC_LITERAL_CONVERSION = YES;
				CLANG_WARN_OBJC_ROOT_CLASS = YES_ERROR;
				CLANG_WARN_RANGE_LOOP_ANALYSIS = YES;
				CLANG_WARN_STRICT_PROTOTYPES = YES;
				CLANG_WARN_SUSPICIOUS_MOVE = YES;
				CLANG_WARN_UNGUARDED_AVAILABILITY = YES_AGGRESSIVE;
				CLANG_WARN_UNREACHABLE_CODE = YES;
				CLANG_WARN__DUPLICATE_METHOD_MATCH = YES;
				CODE_SIGN_IDENTITY = "iPhone Developer";
				COPY_PHASE_STRIP = NO;
				DEBUG_INFORMATION_FORMAT = dwarf;
				ENABLE_STRICT_OBJC_MSGSEND = YES;
				ENABLE_TESTABILITY = YES;
				GCC_C_LANGUAGE_STANDARD = gnu11;
				GCC_DYNAMIC_NO_PIC = NO;
				GCC_NO_COMMON_BLOCKS = YES;
				GCC_OPTIMIZATION_LEVEL = 0;
				GCC_PREPROCESSOR_DEFINITIONS = (
					"DEBUG=1",
					"$(inherited)",
				);
				GCC_WARN_64_TO_32_BIT_CONVERSION = YES;
				GCC_WARN_ABOUT_RETURN_TYPE = YES_ERROR;
				GCC_WARN_UNDECLARED_SELECTOR = YES;
				GCC_WARN_UNINITIALIZED_AUTOS = YES_AGGRESSIVE;
				GCC_WARN_UNUSED_FUNCTION = YES;
				GCC_WARN_UNUSED_VARIABLE = YES;
				IPHONEOS_DEPLOYMENT_TARGET = 11.2;
				MTL_ENABLE_DEBUG_INFO = YES;
				ONLY_ACTIVE_ARCH = YES;
				SDKROOT = iphoneos;
				SWIFT_ACTIVE_COMPILATION_CONDITIONS = DEBUG;
				SWIFT_OPTIMIZATION_LEVEL = "-Onone";
			};
			name = Debug;
		};
		8488FE8820114563007C4987 /* Release */ = {
			isa = XCBuildConfiguration;
			buildSettings = {
				ALWAYS_SEARCH_USER_PATHS = NO;
				CLANG_ANALYZER_NONNULL = YES;
				CLANG_ANALYZER_NUMBER_OBJECT_CONVERSION = YES_AGGRESSIVE;
				CLANG_CXX_LANGUAGE_STANDARD = "gnu++14";
				CLANG_CXX_LIBRARY = "libc++";
				CLANG_ENABLE_MODULES = YES;
				CLANG_ENABLE_OBJC_ARC = YES;
				CLANG_WARN_BLOCK_CAPTURE_AUTORELEASING = YES;
				CLANG_WARN_BOOL_CONVERSION = YES;
				CLANG_WARN_COMMA = YES;
				CLANG_WARN_CONSTANT_CONVERSION = YES;
				CLANG_WARN_DIRECT_OBJC_ISA_USAGE = YES_ERROR;
				CLANG_WARN_DOCUMENTATION_COMMENTS = YES;
				CLANG_WARN_EMPTY_BODY = YES;
				CLANG_WARN_ENUM_CONVERSION = YES;
				CLANG_WARN_INFINITE_RECURSION = YES;
				CLANG_WARN_INT_CONVERSION = YES;
				CLANG_WARN_NON_LITERAL_NULL_CONVERSION = YES;
				CLANG_WARN_OBJC_LITERAL_CONVERSION = YES;
				CLANG_WARN_OBJC_ROOT_CLASS = YES_ERROR;
				CLANG_WARN_RANGE_LOOP_ANALYSIS = YES;
				CLANG_WARN_STRICT_PROTOTYPES = YES;
				CLANG_WARN_SUSPICIOUS_MOVE = YES;
				CLANG_WARN_UNGUARDED_AVAILABILITY = YES_AGGRESSIVE;
				CLANG_WARN_UNREACHABLE_CODE = YES;
				CLANG_WARN__DUPLICATE_METHOD_MATCH = YES;
				CODE_SIGN_IDENTITY = "iPhone Developer";
				COPY_PHASE_STRIP = NO;
				DEBUG_INFORMATION_FORMAT = "dwarf-with-dsym";
				ENABLE_NS_ASSERTIONS = NO;
				ENABLE_STRICT_OBJC_MSGSEND = YES;
				GCC_C_LANGUAGE_STANDARD = gnu11;
				GCC_NO_COMMON_BLOCKS = YES;
				GCC_WARN_64_TO_32_BIT_CONVERSION = YES;
				GCC_WARN_ABOUT_RETURN_TYPE = YES_ERROR;
				GCC_WARN_UNDECLARED_SELECTOR = YES;
				GCC_WARN_UNINITIALIZED_AUTOS = YES_AGGRESSIVE;
				GCC_WARN_UNUSED_FUNCTION = YES;
				GCC_WARN_UNUSED_VARIABLE = YES;
				IPHONEOS_DEPLOYMENT_TARGET = 11.2;
				MTL_ENABLE_DEBUG_INFO = NO;
				SDKROOT = iphoneos;
				SWIFT_OPTIMIZATION_LEVEL = "-Owholemodule";
				VALIDATE_PRODUCT = YES;
			};
			name = Release;
		};
		8488FE8A20114563007C4987 /* Debug */ = {
			isa = XCBuildConfiguration;
			buildSettings = {
				ASSETCATALOG_COMPILER_APPICON_NAME = AppIcon;
				CODE_SIGN_STYLE = Automatic;
				INFOPLIST_FILE = RecipesList/Info.plist;
				LD_RUNPATH_SEARCH_PATHS = "$(inherited) @executable_path/Frameworks";
				PRODUCT_BUNDLE_IDENTIFIER = com.endava.RecipesList;
				PRODUCT_NAME = "$(TARGET_NAME)";
				SWIFT_VERSION = 4.0;
				TARGETED_DEVICE_FAMILY = "1,2";
			};
			name = Debug;
		};
		8488FE8B20114563007C4987 /* Release */ = {
			isa = XCBuildConfiguration;
			buildSettings = {
				ASSETCATALOG_COMPILER_APPICON_NAME = AppIcon;
				CODE_SIGN_STYLE = Automatic;
				INFOPLIST_FILE = RecipesList/Info.plist;
				LD_RUNPATH_SEARCH_PATHS = "$(inherited) @executable_path/Frameworks";
				PRODUCT_BUNDLE_IDENTIFIER = com.endava.RecipesList;
				PRODUCT_NAME = "$(TARGET_NAME)";
				SWIFT_VERSION = 4.0;
				TARGETED_DEVICE_FAMILY = "1,2";
			};
			name = Release;
		};
		8488FE8D20114563007C4987 /* Debug */ = {
			isa = XCBuildConfiguration;
			buildSettings = {
				ALWAYS_EMBED_SWIFT_STANDARD_LIBRARIES = YES;
				BUNDLE_LOADER = "$(TEST_HOST)";
				CODE_SIGN_STYLE = Automatic;
				INFOPLIST_FILE = RecipesListTests/Info.plist;
				LD_RUNPATH_SEARCH_PATHS = "$(inherited) @executable_path/Frameworks @loader_path/Frameworks";
				PRODUCT_BUNDLE_IDENTIFIER = com.endava.RecipesListTests;
				PRODUCT_NAME = "$(TARGET_NAME)";
				SWIFT_VERSION = 4.0;
				TARGETED_DEVICE_FAMILY = "1,2";
				TEST_HOST = "$(BUILT_PRODUCTS_DIR)/RecipesList.app/RecipesList";
			};
			name = Debug;
		};
		8488FE8E20114563007C4987 /* Release */ = {
			isa = XCBuildConfiguration;
			buildSettings = {
				ALWAYS_EMBED_SWIFT_STANDARD_LIBRARIES = YES;
				BUNDLE_LOADER = "$(TEST_HOST)";
				CODE_SIGN_STYLE = Automatic;
				INFOPLIST_FILE = RecipesListTests/Info.plist;
				LD_RUNPATH_SEARCH_PATHS = "$(inherited) @executable_path/Frameworks @loader_path/Frameworks";
				PRODUCT_BUNDLE_IDENTIFIER = com.endava.RecipesListTests;
				PRODUCT_NAME = "$(TARGET_NAME)";
				SWIFT_VERSION = 4.0;
				TARGETED_DEVICE_FAMILY = "1,2";
				TEST_HOST = "$(BUILT_PRODUCTS_DIR)/RecipesList.app/RecipesList";
			};
			name = Release;
		};
/* End XCBuildConfiguration section */

/* Begin XCConfigurationList section */
		8488FE6720114562007C4987 /* Build configuration list for PBXProject "RecipesList" */ = {
			isa = XCConfigurationList;
			buildConfigurations = (
				8488FE8720114563007C4987 /* Debug */,
				8488FE8820114563007C4987 /* Release */,
			);
			defaultConfigurationIsVisible = 0;
			defaultConfigurationName = Release;
		};
		8488FE8920114563007C4987 /* Build configuration list for PBXNativeTarget "RecipesList" */ = {
			isa = XCConfigurationList;
			buildConfigurations = (
				8488FE8A20114563007C4987 /* Debug */,
				8488FE8B20114563007C4987 /* Release */,
			);
			defaultConfigurationIsVisible = 0;
			defaultConfigurationName = Release;
		};
		8488FE8C20114563007C4987 /* Build configuration list for PBXNativeTarget "RecipesListTests" */ = {
			isa = XCConfigurationList;
			buildConfigurations = (
				8488FE8D20114563007C4987 /* Debug */,
				8488FE8E20114563007C4987 /* Release */,
			);
			defaultConfigurationIsVisible = 0;
			defaultConfigurationName = Release;
		};
/* End XCConfigurationList section */
	};
	rootObject = 8488FE6420114562007C4987 /* Project object */;
}
